// !$*UTF8*$!
{
	archiveVersion = 1;
	classes = {
	};
	objectVersion = 46;
	objects = {

/* Begin PBXBuildFile section */
		BC97E3931D421E0B00BB0937 /* MainApp.swift in Sources */ = {isa = PBXBuildFile; fileRef = BC97E3921D421E0B00BB0937 /* MainApp.swift */; };
		BC97E3AB1D4228AF00BB0937 /* englishdictionary.txt in Resources */ = {isa = PBXBuildFile; fileRef = BC97E3A81D4227C300BB0937 /* englishdictionary.txt */; };
		BC97E3AE1D4228C100BB0937 /* bundle.bundle in Resources */ = {isa = PBXBuildFile; fileRef = BC97E39F1D4225CC00BB0937 /* bundle.bundle */; };
		BC97E3B91D422C2700BB0937 /* main.swift in Sources */ = {isa = PBXBuildFile; fileRef = BC97E3B81D422C2700BB0937 /* main.swift */; };
		BC97E3C11D422C4E00BB0937 /* bundle.bundle in Resources */ = {isa = PBXBuildFile; fileRef = BC97E39F1D4225CC00BB0937 /* bundle.bundle */; };
		BC97E3C91D422D8E00BB0937 /* HackingMiniGameTestBundle.swift in Sources */ = {isa = PBXBuildFile; fileRef = BC97E3C81D422D8E00BB0937 /* HackingMiniGameTestBundle.swift */; };
		BC97E3CE1D422DA200BB0937 /* englishdictionary.txt in Resources */ = {isa = PBXBuildFile; fileRef = BC97E3A81D4227C300BB0937 /* englishdictionary.txt */; };
		BC97E3D01D422DDF00BB0937 /* mainTests.swift in Sources */ = {isa = PBXBuildFile; fileRef = BC97E3CF1D422DDF00BB0937 /* mainTests.swift */; };
		BC97E3D11D422DF800BB0937 /* MainApp.swift in Sources */ = {isa = PBXBuildFile; fileRef = BC97E3921D421E0B00BB0937 /* MainApp.swift */; };
		BC97E3D41D42305000BB0937 /* main.swift in Sources */ = {isa = PBXBuildFile; fileRef = BC97E3D31D42305000BB0937 /* main.swift */; };
/* End PBXBuildFile section */

/* Begin PBXContainerItemProxy section */
		BC97E3AC1D4228BB00BB0937 /* PBXContainerItemProxy */ = {
			isa = PBXContainerItemProxy;
			containerPortal = BC97E3871D421E0B00BB0937 /* Project object */;
			proxyType = 1;
			remoteGlobalIDString = BC97E39E1D4225CC00BB0937;
			remoteInfo = HackingMiniGameBundle;
		};
		BC97E3BE1D422C4400BB0937 /* PBXContainerItemProxy */ = {
			isa = PBXContainerItemProxy;
			containerPortal = BC97E3871D421E0B00BB0937 /* Project object */;
			proxyType = 1;
			remoteGlobalIDString = BC97E39E1D4225CC00BB0937;
			remoteInfo = bundle;
		};
/* End PBXContainerItemProxy section */

/* Begin PBXCopyFilesBuildPhase section */
		BC97E38D1D421E0B00BB0937 /* CopyFiles */ = {
			isa = PBXCopyFilesBuildPhase;
			buildActionMask = 2147483647;
			dstPath = /usr/share/man/man1/;
			dstSubfolderSpec = 0;
			files = (
			);
			runOnlyForDeploymentPostprocessing = 1;
		};
		BC97E3B41D422C2700BB0937 /* CopyFiles */ = {
			isa = PBXCopyFilesBuildPhase;
			buildActionMask = 2147483647;
			dstPath = /usr/share/man/man1/;
			dstSubfolderSpec = 0;
			files = (
			);
			runOnlyForDeploymentPostprocessing = 1;
		};
/* End PBXCopyFilesBuildPhase section */

/* Begin PBXFileReference section */
		BC97E38F1D421E0B00BB0937 /* HackingMiniGame */ = {isa = PBXFileReference; explicitFileType = "compiled.mach-o.executable"; includeInIndex = 0; path = HackingMiniGame; sourceTree = BUILT_PRODUCTS_DIR; };
		BC97E3921D421E0B00BB0937 /* MainApp.swift */ = {isa = PBXFileReference; lastKnownFileType = sourcecode.swift; path = MainApp.swift; sourceTree = "<group>"; };
		BC97E3991D421E1E00BB0937 /* Readme */ = {isa = PBXFileReference; fileEncoding = 4; lastKnownFileType = text; path = Readme; sourceTree = "<group>"; };
		BC97E39F1D4225CC00BB0937 /* bundle.bundle */ = {isa = PBXFileReference; explicitFileType = wrapper.cfbundle; includeInIndex = 0; path = bundle.bundle; sourceTree = BUILT_PRODUCTS_DIR; };
		BC97E3A11D4225CC00BB0937 /* Info.plist */ = {isa = PBXFileReference; lastKnownFileType = text.plist.xml; path = Info.plist; sourceTree = "<group>"; };
		BC97E3A81D4227C300BB0937 /* englishdictionary.txt */ = {isa = PBXFileReference; fileEncoding = 4; lastKnownFileType = text; path = englishdictionary.txt; sourceTree = "<group>"; };
		BC97E3B61D422C2700BB0937 /* HackingMiniGameTester */ = {isa = PBXFileReference; explicitFileType = "compiled.mach-o.executable"; includeInIndex = 0; path = HackingMiniGameTester; sourceTree = BUILT_PRODUCTS_DIR; };
		BC97E3B81D422C2700BB0937 /* main.swift */ = {isa = PBXFileReference; lastKnownFileType = sourcecode.swift; path = main.swift; sourceTree = "<group>"; };
		BC97E3C61D422D8E00BB0937 /* HackingMiniGameTestBundle.xctest */ = {isa = PBXFileReference; explicitFileType = wrapper.cfbundle; includeInIndex = 0; path = HackingMiniGameTestBundle.xctest; sourceTree = BUILT_PRODUCTS_DIR; };
		BC97E3C81D422D8E00BB0937 /* HackingMiniGameTestBundle.swift */ = {isa = PBXFileReference; lastKnownFileType = sourcecode.swift; path = HackingMiniGameTestBundle.swift; sourceTree = "<group>"; };
		BC97E3CA1D422D8E00BB0937 /* Info.plist */ = {isa = PBXFileReference; lastKnownFileType = text.plist.xml; path = Info.plist; sourceTree = "<group>"; };
		BC97E3CF1D422DDF00BB0937 /* mainTests.swift */ = {isa = PBXFileReference; fileEncoding = 4; lastKnownFileType = sourcecode.swift; name = mainTests.swift; path = tests/mainTests.swift; sourceTree = "<group>"; };
		BC97E3D31D42305000BB0937 /* main.swift */ = {isa = PBXFileReference; fileEncoding = 4; lastKnownFileType = sourcecode.swift; path = main.swift; sourceTree = "<group>"; };
/* End PBXFileReference section */

/* Begin PBXFrameworksBuildPhase section */
		BC97E38C1D421E0B00BB0937 /* Frameworks */ = {
			isa = PBXFrameworksBuildPhase;
			buildActionMask = 2147483647;
			files = (
			);
			runOnlyForDeploymentPostprocessing = 0;
		};
		BC97E39C1D4225CC00BB0937 /* Frameworks */ = {
			isa = PBXFrameworksBuildPhase;
			buildActionMask = 2147483647;
			files = (
			);
			runOnlyForDeploymentPostprocessing = 0;
		};
		BC97E3B31D422C2700BB0937 /* Frameworks */ = {
			isa = PBXFrameworksBuildPhase;
			buildActionMask = 2147483647;
			files = (
			);
			runOnlyForDeploymentPostprocessing = 0;
		};
		BC97E3C31D422D8E00BB0937 /* Frameworks */ = {
			isa = PBXFrameworksBuildPhase;
			buildActionMask = 2147483647;
			files = (
			);
			runOnlyForDeploymentPostprocessing = 0;
		};
/* End PBXFrameworksBuildPhase section */

/* Begin PBXGroup section */
		BC97E3861D421E0B00BB0937 = {
			isa = PBXGroup;
			children = (
				BC97E3911D421E0B00BB0937 /* HackingMiniGame */,
				BC97E3A01D4225CC00BB0937 /* HackingMiniGameBundle */,
				BC97E3B71D422C2700BB0937 /* HackingMiniGameTester */,
				BC97E3C71D422D8E00BB0937 /* HackingMiniGameTestBundle */,
				BC97E3901D421E0B00BB0937 /* Products */,
			);
			sourceTree = "<group>";
		};
		BC97E3901D421E0B00BB0937 /* Products */ = {
			isa = PBXGroup;
			children = (
				BC97E38F1D421E0B00BB0937 /* HackingMiniGame */,
				BC97E39F1D4225CC00BB0937 /* bundle.bundle */,
				BC97E3B61D422C2700BB0937 /* HackingMiniGameTester */,
				BC97E3C61D422D8E00BB0937 /* HackingMiniGameTestBundle.xctest */,
			);
			name = Products;
			sourceTree = "<group>";
		};
		BC97E3911D421E0B00BB0937 /* HackingMiniGame */ = {
			isa = PBXGroup;
			children = (
				BC97E3A61D4226DA00BB0937 /* Resources */,
				BC97E3921D421E0B00BB0937 /* MainApp.swift */,
				BC97E3D31D42305000BB0937 /* main.swift */,
				BC97E3991D421E1E00BB0937 /* Readme */,
				BC97E3AF1D422B8200BB0937 /* Tests */,
			);
			path = HackingMiniGame;
			sourceTree = "<group>";
		};
		BC97E3A01D4225CC00BB0937 /* HackingMiniGameBundle */ = {
			isa = PBXGroup;
			children = (
				BC97E3A11D4225CC00BB0937 /* Info.plist */,
			);
			path = HackingMiniGameBundle;
			sourceTree = "<group>";
		};
		BC97E3A61D4226DA00BB0937 /* Resources */ = {
			isa = PBXGroup;
			children = (
				BC97E3A81D4227C300BB0937 /* englishdictionary.txt */,
			);
			path = Resources;
			sourceTree = "<group>";
		};
		BC97E3AF1D422B8200BB0937 /* Tests */ = {
			isa = PBXGroup;
			children = (
				BC97E3CF1D422DDF00BB0937 /* mainTests.swift */,
			);
			name = Tests;
			sourceTree = "<group>";
		};
		BC97E3B71D422C2700BB0937 /* HackingMiniGameTester */ = {
			isa = PBXGroup;
			children = (
				BC97E3B81D422C2700BB0937 /* main.swift */,
			);
			path = HackingMiniGameTester;
			sourceTree = "<group>";
		};
		BC97E3C71D422D8E00BB0937 /* HackingMiniGameTestBundle */ = {
			isa = PBXGroup;
			children = (
				BC97E3C81D422D8E00BB0937 /* HackingMiniGameTestBundle.swift */,
				BC97E3CA1D422D8E00BB0937 /* Info.plist */,
			);
			path = HackingMiniGameTestBundle;
			sourceTree = "<group>";
		};
/* End PBXGroup section */

/* Begin PBXNativeTarget section */
		BC97E38E1D421E0B00BB0937 /* HackingMiniGame */ = {
			isa = PBXNativeTarget;
			buildConfigurationList = BC97E3961D421E0B00BB0937 /* Build configuration list for PBXNativeTarget "HackingMiniGame" */;
			buildPhases = (
				BC97E38B1D421E0B00BB0937 /* Sources */,
				BC97E38C1D421E0B00BB0937 /* Frameworks */,
				BC97E38D1D421E0B00BB0937 /* CopyFiles */,
				BC97E3A91D4227E400BB0937 /* Resources */,
			);
			buildRules = (
			);
			dependencies = (
				BC97E3AD1D4228BB00BB0937 /* PBXTargetDependency */,
			);
			name = HackingMiniGame;
			productName = HackingMiniGame;
			productReference = BC97E38F1D421E0B00BB0937 /* HackingMiniGame */;
			productType = "com.apple.product-type.tool";
		};
		BC97E39E1D4225CC00BB0937 /* bundle */ = {
			isa = PBXNativeTarget;
			buildConfigurationList = BC97E3A21D4225CC00BB0937 /* Build configuration list for PBXNativeTarget "bundle" */;
			buildPhases = (
				BC97E39B1D4225CC00BB0937 /* Sources */,
				BC97E39C1D4225CC00BB0937 /* Frameworks */,
				BC97E39D1D4225CC00BB0937 /* Resources */,
			);
			buildRules = (
			);
			dependencies = (
			);
			name = bundle;
			productName = HackingMiniGameBundle;
			productReference = BC97E39F1D4225CC00BB0937 /* bundle.bundle */;
			productType = "com.apple.product-type.bundle";
		};
		BC97E3B51D422C2700BB0937 /* HackingMiniGameTester */ = {
			isa = PBXNativeTarget;
			buildConfigurationList = BC97E3BA1D422C2700BB0937 /* Build configuration list for PBXNativeTarget "HackingMiniGameTester" */;
			buildPhases = (
				BC97E3B21D422C2700BB0937 /* Sources */,
				BC97E3B31D422C2700BB0937 /* Frameworks */,
				BC97E3B41D422C2700BB0937 /* CopyFiles */,
				BC97E3C01D422C4800BB0937 /* Resources */,
			);
			buildRules = (
			);
			dependencies = (
				BC97E3BF1D422C4400BB0937 /* PBXTargetDependency */,
			);
			name = HackingMiniGameTester;
			productName = HackingMiniGameTester;
			productReference = BC97E3B61D422C2700BB0937 /* HackingMiniGameTester */;
			productType = "com.apple.product-type.tool";
		};
		BC97E3C51D422D8E00BB0937 /* HackingMiniGameTestBundle */ = {
			isa = PBXNativeTarget;
			buildConfigurationList = BC97E3CB1D422D8E00BB0937 /* Build configuration list for PBXNativeTarget "HackingMiniGameTestBundle" */;
			buildPhases = (
				BC97E3C21D422D8E00BB0937 /* Sources */,
				BC97E3C31D422D8E00BB0937 /* Frameworks */,
				BC97E3C41D422D8E00BB0937 /* Resources */,
			);
			buildRules = (
			);
			dependencies = (
			);
			name = HackingMiniGameTestBundle;
			productName = HackingMiniGameTestBundle;
			productReference = BC97E3C61D422D8E00BB0937 /* HackingMiniGameTestBundle.xctest */;
			productType = "com.apple.product-type.bundle.unit-test";
		};
/* End PBXNativeTarget section */

/* Begin PBXProject section */
		BC97E3871D421E0B00BB0937 /* Project object */ = {
			isa = PBXProject;
			attributes = {
				LastSwiftUpdateCheck = 0730;
				LastUpgradeCheck = 0730;
				ORGANIZATIONNAME = "Ken Corey";
				TargetAttributes = {
					BC97E38E1D421E0B00BB0937 = {
						CreatedOnToolsVersion = 7.3;
					};
					BC97E39E1D4225CC00BB0937 = {
						CreatedOnToolsVersion = 7.3;
					};
					BC97E3B51D422C2700BB0937 = {
						CreatedOnToolsVersion = 7.3;
					};
					BC97E3C51D422D8E00BB0937 = {
						CreatedOnToolsVersion = 7.3;
					};
				};
			};
			buildConfigurationList = BC97E38A1D421E0B00BB0937 /* Build configuration list for PBXProject "HackingMiniGame" */;
			compatibilityVersion = "Xcode 3.2";
			developmentRegion = English;
			hasScannedForEncodings = 0;
			knownRegions = (
				en,
			);
			mainGroup = BC97E3861D421E0B00BB0937;
			productRefGroup = BC97E3901D421E0B00BB0937 /* Products */;
			projectDirPath = "";
			projectRoot = "";
			targets = (
				BC97E38E1D421E0B00BB0937 /* HackingMiniGame */,
				BC97E39E1D4225CC00BB0937 /* bundle */,
				BC97E3B51D422C2700BB0937 /* HackingMiniGameTester */,
				BC97E3C51D422D8E00BB0937 /* HackingMiniGameTestBundle */,
			);
		};
/* End PBXProject section */

/* Begin PBXResourcesBuildPhase section */
		BC97E39D1D4225CC00BB0937 /* Resources */ = {
			isa = PBXResourcesBuildPhase;
			buildActionMask = 2147483647;
			files = (
				BC97E3AB1D4228AF00BB0937 /* englishdictionary.txt in Resources */,
			);
			runOnlyForDeploymentPostprocessing = 0;
		};
		BC97E3A91D4227E400BB0937 /* Resources */ = {
			isa = PBXResourcesBuildPhase;
			buildActionMask = 2147483647;
			files = (
				BC97E3AE1D4228C100BB0937 /* bundle.bundle in Resources */,
			);
			runOnlyForDeploymentPostprocessing = 0;
		};
		BC97E3C01D422C4800BB0937 /* Resources */ = {
			isa = PBXResourcesBuildPhase;
			buildActionMask = 2147483647;
			files = (
				BC97E3C11D422C4E00BB0937 /* bundle.bundle in Resources */,
			);
			runOnlyForDeploymentPostprocessing = 0;
		};
		BC97E3C41D422D8E00BB0937 /* Resources */ = {
			isa = PBXResourcesBuildPhase;
			buildActionMask = 2147483647;
			files = (
				BC97E3CE1D422DA200BB0937 /* englishdictionary.txt in Resources */,
			);
			runOnlyForDeploymentPostprocessing = 0;
		};
/* End PBXResourcesBuildPhase section */

/* Begin PBXSourcesBuildPhase section */
		BC97E38B1D421E0B00BB0937 /* Sources */ = {
			isa = PBXSourcesBuildPhase;
			buildActionMask = 2147483647;
			files = (
				BC97E3D41D42305000BB0937 /* main.swift in Sources */,
				BC97E3931D421E0B00BB0937 /* MainApp.swift in Sources */,
			);
			runOnlyForDeploymentPostprocessing = 0;
		};
		BC97E39B1D4225CC00BB0937 /* Sources */ = {
			isa = PBXSourcesBuildPhase;
			buildActionMask = 2147483647;
			files = (
			);
			runOnlyForDeploymentPostprocessing = 0;
		};
		BC97E3B21D422C2700BB0937 /* Sources */ = {
			isa = PBXSourcesBuildPhase;
			buildActionMask = 2147483647;
			files = (
				BC97E3B91D422C2700BB0937 /* main.swift in Sources */,
			);
			runOnlyForDeploymentPostprocessing = 0;
		};
		BC97E3C21D422D8E00BB0937 /* Sources */ = {
			isa = PBXSourcesBuildPhase;
			buildActionMask = 2147483647;
			files = (
				BC97E3D01D422DDF00BB0937 /* mainTests.swift in Sources */,
				BC97E3C91D422D8E00BB0937 /* HackingMiniGameTestBundle.swift in Sources */,
				BC97E3D11D422DF800BB0937 /* MainApp.swift in Sources */,
			);
			runOnlyForDeploymentPostprocessing = 0;
		};
/* End PBXSourcesBuildPhase section */

/* Begin PBXTargetDependency section */
		BC97E3AD1D4228BB00BB0937 /* PBXTargetDependency */ = {
			isa = PBXTargetDependency;
			target = BC97E39E1D4225CC00BB0937 /* bundle */;
			targetProxy = BC97E3AC1D4228BB00BB0937 /* PBXContainerItemProxy */;
		};
		BC97E3BF1D422C4400BB0937 /* PBXTargetDependency */ = {
			isa = PBXTargetDependency;
			target = BC97E39E1D4225CC00BB0937 /* bundle */;
			targetProxy = BC97E3BE1D422C4400BB0937 /* PBXContainerItemProxy */;
		};
/* End PBXTargetDependency section */

/* Begin XCBuildConfiguration section */
		BC97E3941D421E0B00BB0937 /* Debug */ = {
			isa = XCBuildConfiguration;
			buildSettings = {
				ALWAYS_SEARCH_USER_PATHS = NO;
				CLANG_ANALYZER_NONNULL = YES;
				CLANG_CXX_LANGUAGE_STANDARD = "gnu++0x";
				CLANG_CXX_LIBRARY = "libc++";
				CLANG_ENABLE_MODULES = YES;
				CLANG_ENABLE_OBJC_ARC = YES;
				CLANG_WARN_BOOL_CONVERSION = YES;
				CLANG_WARN_CONSTANT_CONVERSION = YES;
				CLANG_WARN_DIRECT_OBJC_ISA_USAGE = YES_ERROR;
				CLANG_WARN_EMPTY_BODY = YES;
				CLANG_WARN_ENUM_CONVERSION = YES;
				CLANG_WARN_INT_CONVERSION = YES;
				CLANG_WARN_OBJC_ROOT_CLASS = YES_ERROR;
				CLANG_WARN_UNREACHABLE_CODE = YES;
				CLANG_WARN__DUPLICATE_METHOD_MATCH = YES;
				CODE_SIGN_IDENTITY = "-";
				COPY_PHASE_STRIP = NO;
				DEBUG_INFORMATION_FORMAT = dwarf;
				ENABLE_STRICT_OBJC_MSGSEND = YES;
				ENABLE_TESTABILITY = YES;
				GCC_C_LANGUAGE_STANDARD = gnu99;
				GCC_DYNAMIC_NO_PIC = NO;
				GCC_NO_COMMON_BLOCKS = YES;
				GCC_OPTIMIZATION_LEVEL = 0;
				GCC_PREPROCESSOR_DEFINITIONS = (
					"DEBUG=1",
					"$(inherited)",
				);
				GCC_WARN_64_TO_32_BIT_CONVERSION = YES;
				GCC_WARN_ABOUT_RETURN_TYPE = YES_ERROR;
				GCC_WARN_UNDECLARED_SELECTOR = YES;
				GCC_WARN_UNINITIALIZED_AUTOS = YES_AGGRESSIVE;
				GCC_WARN_UNUSED_FUNCTION = YES;
				GCC_WARN_UNUSED_VARIABLE = YES;
				MACOSX_DEPLOYMENT_TARGET = 10.11;
				MTL_ENABLE_DEBUG_INFO = YES;
				ONLY_ACTIVE_ARCH = YES;
				SDKROOT = macosx;
				SWIFT_OPTIMIZATION_LEVEL = "-Onone";
			};
			name = Debug;
		};
		BC97E3951D421E0B00BB0937 /* Release */ = {
			isa = XCBuildConfiguration;
			buildSettings = {
				ALWAYS_SEARCH_USER_PATHS = NO;
				CLANG_ANALYZER_NONNULL = YES;
				CLANG_CXX_LANGUAGE_STANDARD = "gnu++0x";
				CLANG_CXX_LIBRARY = "libc++";
				CLANG_ENABLE_MODULES = YES;
				CLANG_ENABLE_OBJC_ARC = YES;
				CLANG_WARN_BOOL_CONVERSION = YES;
				CLANG_WARN_CONSTANT_CONVERSION = YES;
				CLANG_WARN_DIRECT_OBJC_ISA_USAGE = YES_ERROR;
				CLANG_WARN_EMPTY_BODY = YES;
				CLANG_WARN_ENUM_CONVERSION = YES;
				CLANG_WARN_INT_CONVERSION = YES;
				CLANG_WARN_OBJC_ROOT_CLASS = YES_ERROR;
				CLANG_WARN_UNREACHABLE_CODE = YES;
				CLANG_WARN__DUPLICATE_METHOD_MATCH = YES;
				CODE_SIGN_IDENTITY = "-";
				COPY_PHASE_STRIP = NO;
				DEBUG_INFORMATION_FORMAT = "dwarf-with-dsym";
				ENABLE_NS_ASSERTIONS = NO;
				ENABLE_STRICT_OBJC_MSGSEND = YES;
				GCC_C_LANGUAGE_STANDARD = gnu99;
				GCC_NO_COMMON_BLOCKS = YES;
				GCC_WARN_64_TO_32_BIT_CONVERSION = YES;
				GCC_WARN_ABOUT_RETURN_TYPE = YES_ERROR;
				GCC_WARN_UNDECLARED_SELECTOR = YES;
				GCC_WARN_UNINITIALIZED_AUTOS = YES_AGGRESSIVE;
				GCC_WARN_UNUSED_FUNCTION = YES;
				GCC_WARN_UNUSED_VARIABLE = YES;
				MACOSX_DEPLOYMENT_TARGET = 10.11;
				MTL_ENABLE_DEBUG_INFO = NO;
				SDKROOT = macosx;
			};
			name = Release;
		};
		BC97E3971D421E0B00BB0937 /* Debug */ = {
			isa = XCBuildConfiguration;
			buildSettings = {
				PRODUCT_NAME = "$(TARGET_NAME)";
			};
			name = Debug;
		};
		BC97E3981D421E0B00BB0937 /* Release */ = {
			isa = XCBuildConfiguration;
			buildSettings = {
				PRODUCT_NAME = "$(TARGET_NAME)";
			};
			name = Release;
		};
		BC97E3A31D4225CC00BB0937 /* Debug */ = {
			isa = XCBuildConfiguration;
			buildSettings = {
				COMBINE_HIDPI_IMAGES = YES;
				INFOPLIST_FILE = HackingMiniGameBundle/Info.plist;
				INSTALL_PATH = "$(LOCAL_LIBRARY_DIR)/Bundles";
				PRODUCT_BUNDLE_IDENTIFIER = com.crowdlab.HackingMiniGameBundle;
				PRODUCT_NAME = "$(TARGET_NAME)";
				SKIP_INSTALL = YES;
				WRAPPER_EXTENSION = bundle;
			};
			name = Debug;
		};
		BC97E3A41D4225CC00BB0937 /* Release */ = {
			isa = XCBuildConfiguration;
			buildSettings = {
				COMBINE_HIDPI_IMAGES = YES;
				INFOPLIST_FILE = HackingMiniGameBundle/Info.plist;
				INSTALL_PATH = "$(LOCAL_LIBRARY_DIR)/Bundles";
				PRODUCT_BUNDLE_IDENTIFIER = com.crowdlab.HackingMiniGameBundle;
				PRODUCT_NAME = "$(TARGET_NAME)";
				SKIP_INSTALL = YES;
				WRAPPER_EXTENSION = bundle;
			};
			name = Release;
		};
		BC97E3BB1D422C2700BB0937 /* Debug */ = {
			isa = XCBuildConfiguration;
			buildSettings = {
				PRODUCT_NAME = "$(TARGET_NAME)";
			};
			name = Debug;
		};
		BC97E3BC1D422C2700BB0937 /* Release */ = {
			isa = XCBuildConfiguration;
			buildSettings = {
				PRODUCT_NAME = "$(TARGET_NAME)";
			};
			name = Release;
		};
		BC97E3CC1D422D8E00BB0937 /* Debug */ = {
			isa = XCBuildConfiguration;
			buildSettings = {
				COMBINE_HIDPI_IMAGES = YES;
				INFOPLIST_FILE = HackingMiniGameTestBundle/Info.plist;
				LD_RUNPATH_SEARCH_PATHS = "$(inherited) @executable_path/../Frameworks @loader_path/../Frameworks";
				PRODUCT_BUNDLE_IDENTIFIER = com.crowdlab.HackingMiniGameTestBundle;
				PRODUCT_NAME = "$(TARGET_NAME)";
			};
			name = Debug;
		};
		BC97E3CD1D422D8E00BB0937 /* Release */ = {
			isa = XCBuildConfiguration;
			buildSettings = {
				COMBINE_HIDPI_IMAGES = YES;
				INFOPLIST_FILE = HackingMiniGameTestBundle/Info.plist;
				LD_RUNPATH_SEARCH_PATHS = "$(inherited) @executable_path/../Frameworks @loader_path/../Frameworks";
				PRODUCT_BUNDLE_IDENTIFIER = com.crowdlab.HackingMiniGameTestBundle;
				PRODUCT_NAME = "$(TARGET_NAME)";
			};
			name = Release;
		};
/* End XCBuildConfiguration section */

/* Begin XCConfigurationList section */
		BC97E38A1D421E0B00BB0937 /* Build configuration list for PBXProject "HackingMiniGame" */ = {
			isa = XCConfigurationList;
			buildConfigurations = (
				BC97E3941D421E0B00BB0937 /* Debug */,
				BC97E3951D421E0B00BB0937 /* Release */,
			);
			defaultConfigurationIsVisible = 0;
			defaultConfigurationName = Release;
		};
		BC97E3961D421E0B00BB0937 /* Build configuration list for PBXNativeTarget "HackingMiniGame" */ = {
			isa = XCConfigurationList;
			buildConfigurations = (
				BC97E3971D421E0B00BB0937 /* Debug */,
				BC97E3981D421E0B00BB0937 /* Release */,
			);
			defaultConfigurationIsVisible = 0;
		};
		BC97E3A21D4225CC00BB0937 /* Build configuration list for PBXNativeTarget "bundle" */ = {
			isa = XCConfigurationList;
			buildConfigurations = (
				BC97E3A31D4225CC00BB0937 /* Debug */,
				BC97E3A41D4225CC00BB0937 /* Release */,
			);
			defaultConfigurationIsVisible = 0;
		};
		BC97E3BA1D422C2700BB0937 /* Build configuration list for PBXNativeTarget "HackingMiniGameTester" */ = {
			isa = XCConfigurationList;
			buildConfigurations = (
				BC97E3BB1D422C2700BB0937 /* Debug */,
				BC97E3BC1D422C2700BB0937 /* Release */,
			);
			defaultConfigurationIsVisible = 0;
		};
		BC97E3CB1D422D8E00BB0937 /* Build configuration list for PBXNativeTarget "HackingMiniGameTestBundle" */ = {
			isa = XCConfigurationList;
			buildConfigurations = (
				BC97E3CC1D422D8E00BB0937 /* Debug */,
				BC97E3CD1D422D8E00BB0937 /* Release */,
			);
			defaultConfigurationIsVisible = 0;
		};
/* End XCConfigurationList section */
	};
	rootObject = BC97E3871D421E0B00BB0937 /* Project object */;
}
